
Microsoft Visual Studio Solution File, Format Version 12.00
# Visual Studio Version 17
VisualStudioVersion = 17.4.33205.214
MinimumVisualStudioVersion = 10.0.40219.1
Project("{FAE04EC0-301F-11D3-BF4B-00C04F79EFBC}") = "RuleExpression", "RuleExpression\RuleExpression.csproj", "{72102664-C2E1-466C-92B1-3BC059B0514A}"
EndProject
Global
	GlobalSection(SolutionConfigurationPlatforms) = preSolution
		Debug|Any CPU = Debug|Any CPU
		Release|Any CPU = Release|Any CPU
	EndGlobalSection
	GlobalSection(ProjectConfigurationPlatforms) = postSolution
		{72102664-C2E1-466C-92B1-3BC059B0514A}.Debug|Any CPU.ActiveCfg = Debug|Any CPU
		{72102664-C2E1-466C-92B1-3BC059B0514A}.Debug|Any CPU.Build.0 = Debug|Any CPU
		{72102664-C2E1-466C-92B1-3BC059B0514A}.Release|Any CPU.ActiveCfg = Release|Any CPU
		{72102664-C2E1-466C-92B1-3BC059B0514A}.Release|Any CPU.Build.0 = Release|Any CPU
	EndGlobalSection
	GlobalSection(SolutionProperties) = preSolution
		HideSolutionNode = FALSE
	EndGlobalSection
	GlobalSection(ExtensibilityGlobals) = postSolution
		SolutionGuid = {08A3169B-F2C7-4A04-BB5E-028408966703}
	EndGlobalSection
EndGlobal
